
Microsoft Visual Studio Solution File, Format Version 12.00
Project("{FAE04EC0-301F-11D3-BF4B-00C04F79EFBC}") = "Dionysos.GRPC", "Dionysos.GRPC\Dionysos.GRPC.csproj", "{0AE28AD1-6200-4CCC-8BAE-E3518B14628E}"
EndProject
Project("{FAE04EC0-301F-11D3-BF4B-00C04F79EFBC}") = "Dionysos.BL.Tests", "Dionysos.BL.Tests\Dionysos.BL.Tests.csproj", "{9F911B7B-BC87-4FCD-A8EB-6D38B77018B9}"
EndProject
Project("{FAE04EC0-301F-11D3-BF4B-00C04F79EFBC}") = "Dionysos.DA", "Dionysos.DA\Dionysos.DA.csproj", "{035BB4DA-64E2-425F-8B5D-D61010CFE7DA}"
EndProject
Project("{FAE04EC0-301F-11D3-BF4B-00C04F79EFBC}") = "Dionysos.BL", "Dionysos.BL\Dionysos.BL.csproj", "{3E10D486-6E94-4270-BEFF-56E432D4AD28}"
EndProject
Global
	GlobalSection(SolutionConfigurationPlatforms) = preSolution
		Debug|Any CPU = Debug|Any CPU
		Release|Any CPU = Release|Any CPU
	EndGlobalSection
	GlobalSection(ProjectConfigurationPlatforms) = postSolution
		{0AE28AD1-6200-4CCC-8BAE-E3518B14628E}.Debug|Any CPU.ActiveCfg = Debug|Any CPU
		{0AE28AD1-6200-4CCC-8BAE-E3518B14628E}.Debug|Any CPU.Build.0 = Debug|Any CPU
		{0AE28AD1-6200-4CCC-8BAE-E3518B14628E}.Release|Any CPU.ActiveCfg = Release|Any CPU
		{0AE28AD1-6200-4CCC-8BAE-E3518B14628E}.Release|Any CPU.Build.0 = Release|Any CPU
		{9F911B7B-BC87-4FCD-A8EB-6D38B77018B9}.Debug|Any CPU.ActiveCfg = Debug|Any CPU
		{9F911B7B-BC87-4FCD-A8EB-6D38B77018B9}.Debug|Any CPU.Build.0 = Debug|Any CPU
		{035BB4DA-64E2-425F-8B5D-D61010CFE7DA}.Debug|Any CPU.ActiveCfg = Debug|Any CPU
		{035BB4DA-64E2-425F-8B5D-D61010CFE7DA}.Debug|Any CPU.Build.0 = Debug|Any CPU
		{035BB4DA-64E2-425F-8B5D-D61010CFE7DA}.Release|Any CPU.ActiveCfg = Release|Any CPU
		{035BB4DA-64E2-425F-8B5D-D61010CFE7DA}.Release|Any CPU.Build.0 = Release|Any CPU
		{3E10D486-6E94-4270-BEFF-56E432D4AD28}.Debug|Any CPU.ActiveCfg = Debug|Any CPU
		{3E10D486-6E94-4270-BEFF-56E432D4AD28}.Debug|Any CPU.Build.0 = Debug|Any CPU
		{3E10D486-6E94-4270-BEFF-56E432D4AD28}.Release|Any CPU.ActiveCfg = Release|Any CPU
		{3E10D486-6E94-4270-BEFF-56E432D4AD28}.Release|Any CPU.Build.0 = Release|Any CPU
	EndGlobalSection
EndGlobal
